# This file was autogenerated by Stack.
# You should not edit this file by hand.
# For more information, please see the documentation at:
#   https://docs.haskellstack.org/en/stable/lock_files

packages:
- completed:
    hackage: combinat-0.2.9.0@sha256:3daed23a2376f8d9903dc2c1c3758f1f2a0527178c81023080507e5f5ddf5b7a,5107
    pantry-tree:
      size: 4818
      sha256: 7c14bb4cc6cb0b2d6f14ae8265241966fe6c2e07827d18acad8de1bdc1ba8540
  original:
    hackage: combinat-0.2.9.0
snapshots:
- completed:
    size: 532414
    url: https://raw.githubusercontent.com/commercialhaskell/stackage-snapshots/master/lts/16/22.yaml
    sha256: e483fb88549fc0f454c190979bf35ac91c7aceff2c0e71e7d8edd11842d772d8
  original:
    url: https://raw.githubusercontent.com/commercialhaskell/stackage-snapshots/master/lts/16/22.yaml
